
Microsoft Visual Studio Solution File, Format Version 12.00
# Visual Studio 15
VisualStudioVersion = 15.0.28307.271
MinimumVisualStudioVersion = 10.0.40219.1
Project("{FAE04EC0-301F-11D3-BF4B-00C04F79EFBC}") = "ConsoleApp1", "ConsoleApp1\ConsoleApp1.csproj", "{EC0C726B-5DFC-420B-B0D7-848A4D74D503}"
EndProject
Global
	GlobalSection(SolutionConfigurationPlatforms) = preSolution
		Debug|Any CPU = Debug|Any CPU
		Release|Any CPU = Release|Any CPU
	EndGlobalSection
	GlobalSection(ProjectConfigurationPlatforms) = postSolution
		{EC0C726B-5DFC-420B-B0D7-848A4D74D503}.Debug|Any CPU.ActiveCfg = Debug|Any CPU
		{EC0C726B-5DFC-420B-B0D7-848A4D74D503}.Debug|Any CPU.Build.0 = Debug|Any CPU
		{EC0C726B-5DFC-420B-B0D7-848A4D74D503}.Release|Any CPU.ActiveCfg = Release|Any CPU
		{EC0C726B-5DFC-420B-B0D7-848A4D74D503}.Release|Any CPU.Build.0 = Release|Any CPU
	EndGlobalSection
	GlobalSection(SolutionProperties) = preSolution
		HideSolutionNode = FALSE
	EndGlobalSection
	GlobalSection(ExtensibilityGlobals) = postSolution
		SolutionGuid = {539B5AF4-1E15-4007-8C68-CA6BCB9F3D27}
	EndGlobalSection
EndGlobal
